
Microsoft Visual Studio Solution File, Format Version 12.00
# Visual Studio 2012
Project("{070BCB52-5A75-4F8C-A973-144AF0EAFCC9}") = "CKP.MobileApp", "CKP.MobileApp.iceproj", "{6CF44C67-79D8-46F5-BB3F-488F11213A6F}"
EndProject
Global
	GlobalSection(SolutionConfigurationPlatforms) = preSolution
		Debug|Any CPU = Debug|Any CPU
		Release|Any CPU = Release|Any CPU
	EndGlobalSection
	GlobalSection(ProjectConfigurationPlatforms) = postSolution
		{6CF44C67-79D8-46F5-BB3F-488F11213A6F}.Debug|Any CPU.ActiveCfg = Debug|Any CPU
		{6CF44C67-79D8-46F5-BB3F-488F11213A6F}.Debug|Any CPU.Build.0 = Debug|Any CPU
		{6CF44C67-79D8-46F5-BB3F-488F11213A6F}.Release|Any CPU.ActiveCfg = Release|Any CPU
		{6CF44C67-79D8-46F5-BB3F-488F11213A6F}.Release|Any CPU.Build.0 = Release|Any CPU
	EndGlobalSection
	GlobalSection(SolutionProperties) = preSolution
		HideSolutionNode = FALSE
	EndGlobalSection
EndGlobal
